
Microsoft Visual Studio Solution File, Format Version 12.00
# Visual Studio 15
VisualStudioVersion = 15.0.28010.2016
MinimumVisualStudioVersion = 10.0.40219.1
Project("{FAE04EC0-301F-11D3-BF4B-00C04F79EFBC}") = "Contas", "Contas\Contas.csproj", "{A2AE1350-88E1-4E46-A327-49E49A55B3BA}"
EndProject
Global
	GlobalSection(SolutionConfigurationPlatforms) = preSolution
		Debug|Any CPU = Debug|Any CPU
		Release|Any CPU = Release|Any CPU
	EndGlobalSection
	GlobalSection(ProjectConfigurationPlatforms) = postSolution
		{A2AE1350-88E1-4E46-A327-49E49A55B3BA}.Debug|Any CPU.ActiveCfg = Debug|Any CPU
		{A2AE1350-88E1-4E46-A327-49E49A55B3BA}.Debug|Any CPU.Build.0 = Debug|Any CPU
		{A2AE1350-88E1-4E46-A327-49E49A55B3BA}.Release|Any CPU.ActiveCfg = Release|Any CPU
		{A2AE1350-88E1-4E46-A327-49E49A55B3BA}.Release|Any CPU.Build.0 = Release|Any CPU
	EndGlobalSection
	GlobalSection(SolutionProperties) = preSolution
		HideSolutionNode = FALSE
	EndGlobalSection
	GlobalSection(ExtensibilityGlobals) = postSolution
		SolutionGuid = {F8C6060B-2241-4E20-8FD7-1ABB46997CD9}
	EndGlobalSection
EndGlobal
